
Microsoft Visual Studio Solution File, Format Version 12.00
# Visual Studio 15
VisualStudioVersion = 15.0.27512.0
MinimumVisualStudioVersion = 10.0.40219.1
Project("{FAE04EC0-301F-11D3-BF4B-00C04F79EFBC}") = "JSONBasedWebService.Core", "JSONBasedWebService.Core\JSONBasedWebService.Core.csproj", "{C75980D9-DD77-4A91-A7EF-C52899A573D9}"
EndProject
Project("{FAE04EC0-301F-11D3-BF4B-00C04F79EFBC}") = "JSONBasedWebService.Web", "JSONBasedWebService.Web\JSONBasedWebService.Web.csproj", "{AFE42511-9838-4CD2-AF6F-6776A39700AA}"
EndProject
Project("{FAE04EC0-301F-11D3-BF4B-00C04F79EFBC}") = "JSONBasedWebService.Core.Tests", "JSONBasedWebService.Core.UnitTest\JSONBasedWebService.Core.Tests.csproj", "{938E4D1A-D248-4B9D-B124-5C892ED82061}"
EndProject
Global
	GlobalSection(SolutionConfigurationPlatforms) = preSolution
		Debug|Any CPU = Debug|Any CPU
		Release|Any CPU = Release|Any CPU
	EndGlobalSection
	GlobalSection(ProjectConfigurationPlatforms) = postSolution
		{C75980D9-DD77-4A91-A7EF-C52899A573D9}.Debug|Any CPU.ActiveCfg = Debug|Any CPU
		{C75980D9-DD77-4A91-A7EF-C52899A573D9}.Debug|Any CPU.Build.0 = Debug|Any CPU
		{C75980D9-DD77-4A91-A7EF-C52899A573D9}.Release|Any CPU.ActiveCfg = Release|Any CPU
		{C75980D9-DD77-4A91-A7EF-C52899A573D9}.Release|Any CPU.Build.0 = Release|Any CPU
		{AFE42511-9838-4CD2-AF6F-6776A39700AA}.Debug|Any CPU.ActiveCfg = Debug|Any CPU
		{AFE42511-9838-4CD2-AF6F-6776A39700AA}.Debug|Any CPU.Build.0 = Debug|Any CPU
		{AFE42511-9838-4CD2-AF6F-6776A39700AA}.Release|Any CPU.ActiveCfg = Release|Any CPU
		{AFE42511-9838-4CD2-AF6F-6776A39700AA}.Release|Any CPU.Build.0 = Release|Any CPU
		{938E4D1A-D248-4B9D-B124-5C892ED82061}.Debug|Any CPU.ActiveCfg = Debug|Any CPU
		{938E4D1A-D248-4B9D-B124-5C892ED82061}.Debug|Any CPU.Build.0 = Debug|Any CPU
		{938E4D1A-D248-4B9D-B124-5C892ED82061}.Release|Any CPU.ActiveCfg = Release|Any CPU
		{938E4D1A-D248-4B9D-B124-5C892ED82061}.Release|Any CPU.Build.0 = Release|Any CPU
	EndGlobalSection
	GlobalSection(SolutionProperties) = preSolution
		HideSolutionNode = FALSE
	EndGlobalSection
	GlobalSection(ExtensibilityGlobals) = postSolution
		SolutionGuid = {E77C4865-4311-48B1-A67E-D9D9210DDFF6}
	EndGlobalSection
EndGlobal
